
Microsoft Visual Studio Solution File, Format Version 12.00
# Visual Studio Version 16
VisualStudioVersion = 16.0.30611.23
MinimumVisualStudioVersion = 10.0.40219.1
Project("{FAE04EC0-301F-11D3-BF4B-00C04F79EFBC}") = "DemoClientApp", "DemoClientApp\DemoClientApp.csproj", "{DC4D3F4D-7404-4CCE-8902-E305A923C486}"
EndProject
Global
	GlobalSection(SolutionConfigurationPlatforms) = preSolution
		Debug|Any CPU = Debug|Any CPU
		Release|Any CPU = Release|Any CPU
	EndGlobalSection
	GlobalSection(ProjectConfigurationPlatforms) = postSolution
		{DC4D3F4D-7404-4CCE-8902-E305A923C486}.Debug|Any CPU.ActiveCfg = Debug|Any CPU
		{DC4D3F4D-7404-4CCE-8902-E305A923C486}.Debug|Any CPU.Build.0 = Debug|Any CPU
		{DC4D3F4D-7404-4CCE-8902-E305A923C486}.Release|Any CPU.ActiveCfg = Release|Any CPU
		{DC4D3F4D-7404-4CCE-8902-E305A923C486}.Release|Any CPU.Build.0 = Release|Any CPU
	EndGlobalSection
	GlobalSection(SolutionProperties) = preSolution
		HideSolutionNode = FALSE
	EndGlobalSection
	GlobalSection(ExtensibilityGlobals) = postSolution
		SolutionGuid = {94F9CACC-E9CA-404F-889F-2F9FC322EBFA}
	EndGlobalSection
EndGlobal
